
Microsoft Visual Studio Solution File, Format Version 12.00
# Visual Studio Version 17
VisualStudioVersion = 17.12.35527.113
MinimumVisualStudioVersion = 10.0.40219.1
Project("{FAE04EC0-301F-11D3-BF4B-00C04F79EFBC}") = "ByteLink.API", "ByteLink.API\ByteLink.API.csproj", "{7557D244-CC97-4923-BE37-AA0556C6C17B}"
EndProject
Project("{FAE04EC0-301F-11D3-BF4B-00C04F79EFBC}") = "ByteLink.Application", "ByteLink.Application\ByteLink.Application.csproj", "{F71B58AF-D1DA-49D5-8258-65C7F31C8843}"
EndProject
Project("{FAE04EC0-301F-11D3-BF4B-00C04F79EFBC}") = "ByteLink.Domain", "ByteLink.Domain\ByteLink.Domain.csproj", "{612D687D-8999-4D29-BA97-5E7135CFCDE4}"
EndProject
Project("{FAE04EC0-301F-11D3-BF4B-00C04F79EFBC}") = "ByteLink.Infrastructure", "ByteLink.Infrastructure\ByteLink.Infrastructure.csproj", "{F0E5BBD5-6610-45B8-BAE5-3718FBBE0412}"
EndProject
Project("{FAE04EC0-301F-11D3-BF4B-00C04F79EFBC}") = "ByteLink.Tests", "ByteLink.Tests\ByteLink.Tests.csproj", "{0FD09C1C-35F2-4459-8BB3-E20B1191817F}"
EndProject
Project("{FAE04EC0-301F-11D3-BF4B-00C04F79EFBC}") = "ByteLink.MigrateCommand", "ByteLink.MigrateCommand\ByteLink.MigrateCommand.csproj", "{33DD0C56-AA67-4644-AB76-2888412677CB}"
EndProject
Project("{E53339B2-1760-4266-BCC7-CA923CBCF16C}") = "docker-compose", "docker-compose.dcproj", "{1B0261C9-0ECE-43E2-A933-BCDE85D15BA5}"
EndProject
Global
	GlobalSection(SolutionConfigurationPlatforms) = preSolution
		Debug|Any CPU = Debug|Any CPU
		Release|Any CPU = Release|Any CPU
	EndGlobalSection
	GlobalSection(ProjectConfigurationPlatforms) = postSolution
		{7557D244-CC97-4923-BE37-AA0556C6C17B}.Debug|Any CPU.ActiveCfg = Debug|Any CPU
		{7557D244-CC97-4923-BE37-AA0556C6C17B}.Debug|Any CPU.Build.0 = Debug|Any CPU
		{7557D244-CC97-4923-BE37-AA0556C6C17B}.Release|Any CPU.ActiveCfg = Release|Any CPU
		{7557D244-CC97-4923-BE37-AA0556C6C17B}.Release|Any CPU.Build.0 = Release|Any CPU
		{F71B58AF-D1DA-49D5-8258-65C7F31C8843}.Debug|Any CPU.ActiveCfg = Debug|Any CPU
		{F71B58AF-D1DA-49D5-8258-65C7F31C8843}.Debug|Any CPU.Build.0 = Debug|Any CPU
		{F71B58AF-D1DA-49D5-8258-65C7F31C8843}.Release|Any CPU.ActiveCfg = Release|Any CPU
		{F71B58AF-D1DA-49D5-8258-65C7F31C8843}.Release|Any CPU.Build.0 = Release|Any CPU
		{612D687D-8999-4D29-BA97-5E7135CFCDE4}.Debug|Any CPU.ActiveCfg = Debug|Any CPU
		{612D687D-8999-4D29-BA97-5E7135CFCDE4}.Debug|Any CPU.Build.0 = Debug|Any CPU
		{612D687D-8999-4D29-BA97-5E7135CFCDE4}.Release|Any CPU.ActiveCfg = Release|Any CPU
		{612D687D-8999-4D29-BA97-5E7135CFCDE4}.Release|Any CPU.Build.0 = Release|Any CPU
		{F0E5BBD5-6610-45B8-BAE5-3718FBBE0412}.Debug|Any CPU.ActiveCfg = Debug|Any CPU
		{F0E5BBD5-6610-45B8-BAE5-3718FBBE0412}.Debug|Any CPU.Build.0 = Debug|Any CPU
		{F0E5BBD5-6610-45B8-BAE5-3718FBBE0412}.Release|Any CPU.ActiveCfg = Release|Any CPU
		{F0E5BBD5-6610-45B8-BAE5-3718FBBE0412}.Release|Any CPU.Build.0 = Release|Any CPU
		{0FD09C1C-35F2-4459-8BB3-E20B1191817F}.Debug|Any CPU.ActiveCfg = Debug|Any CPU
		{0FD09C1C-35F2-4459-8BB3-E20B1191817F}.Debug|Any CPU.Build.0 = Debug|Any CPU
		{0FD09C1C-35F2-4459-8BB3-E20B1191817F}.Release|Any CPU.ActiveCfg = Release|Any CPU
		{0FD09C1C-35F2-4459-8BB3-E20B1191817F}.Release|Any CPU.Build.0 = Release|Any CPU
		{33DD0C56-AA67-4644-AB76-2888412677CB}.Debug|Any CPU.ActiveCfg = Debug|Any CPU
		{33DD0C56-AA67-4644-AB76-2888412677CB}.Debug|Any CPU.Build.0 = Debug|Any CPU
		{33DD0C56-AA67-4644-AB76-2888412677CB}.Release|Any CPU.ActiveCfg = Release|Any CPU
		{33DD0C56-AA67-4644-AB76-2888412677CB}.Release|Any CPU.Build.0 = Release|Any CPU
		{1B0261C9-0ECE-43E2-A933-BCDE85D15BA5}.Debug|Any CPU.ActiveCfg = Debug|Any CPU
		{1B0261C9-0ECE-43E2-A933-BCDE85D15BA5}.Debug|Any CPU.Build.0 = Debug|Any CPU
		{1B0261C9-0ECE-43E2-A933-BCDE85D15BA5}.Release|Any CPU.ActiveCfg = Release|Any CPU
		{1B0261C9-0ECE-43E2-A933-BCDE85D15BA5}.Release|Any CPU.Build.0 = Release|Any CPU
	EndGlobalSection
	GlobalSection(SolutionProperties) = preSolution
		HideSolutionNode = FALSE
	EndGlobalSection
	GlobalSection(ExtensibilityGlobals) = postSolution
		SolutionGuid = {45E89C5A-271A-4102-AE13-31E281560D05}
	EndGlobalSection
EndGlobal
